
Microsoft Visual Studio Solution File, Format Version 12.00
# Visual Studio Version 17
VisualStudioVersion = 17.3.32901.215
MinimumVisualStudioVersion = 10.0.40219.1
Project("{FAE04EC0-301F-11D3-BF4B-00C04F79EFBC}") = "MVC_login", "MVC_login.csproj", "{BF187B9C-2038-4E3E-955C-248813C0D863}"
EndProject
Global
	GlobalSection(SolutionConfigurationPlatforms) = preSolution
		Debug|Any CPU = Debug|Any CPU
		Release|Any CPU = Release|Any CPU
	EndGlobalSection
	GlobalSection(ProjectConfigurationPlatforms) = postSolution
		{BF187B9C-2038-4E3E-955C-248813C0D863}.Debug|Any CPU.ActiveCfg = Debug|Any CPU
		{BF187B9C-2038-4E3E-955C-248813C0D863}.Debug|Any CPU.Build.0 = Debug|Any CPU
		{BF187B9C-2038-4E3E-955C-248813C0D863}.Release|Any CPU.ActiveCfg = Release|Any CPU
		{BF187B9C-2038-4E3E-955C-248813C0D863}.Release|Any CPU.Build.0 = Release|Any CPU
	EndGlobalSection
	GlobalSection(SolutionProperties) = preSolution
		HideSolutionNode = FALSE
	EndGlobalSection
	GlobalSection(ExtensibilityGlobals) = postSolution
		SolutionGuid = {2D06A0AB-365C-4CE0-B419-CC1F8F907EAA}
	EndGlobalSection
EndGlobal
